// !$*UTF8*$!
{
	archiveVersion = 1;
	classes = {
	};
	objectVersion = 46;
	objects = {

/* Begin PBXBuildFile section */
		77E7338C1BC84B420064CA3B /* AppDelegate.swift in Sources */ = {isa = PBXBuildFile; fileRef = 77E7338B1BC84B420064CA3B /* AppDelegate.swift */; };
		77E7338E1BC84B420064CA3B /* ViewController.swift in Sources */ = {isa = PBXBuildFile; fileRef = 77E7338D1BC84B420064CA3B /* ViewController.swift */; };
		77E733911BC84B420064CA3B /* Main.storyboard in Resources */ = {isa = PBXBuildFile; fileRef = 77E7338F1BC84B420064CA3B /* Main.storyboard */; };
		77E733931BC84B420064CA3B /* Assets.xcassets in Resources */ = {isa = PBXBuildFile; fileRef = 77E733921BC84B420064CA3B /* Assets.xcassets */; };
		77E733961BC84B420064CA3B /* LaunchScreen.storyboard in Resources */ = {isa = PBXBuildFile; fileRef = 77E733941BC84B420064CA3B /* LaunchScreen.storyboard */; };
		77E7339E1BC84D090064CA3B /* Article.swift in Sources */ = {isa = PBXBuildFile; fileRef = 77E7339D1BC84D090064CA3B /* Article.swift */; settings = {ASSET_TAGS = (); }; };
		77E733A01BC84FD10064CA3B /* ArticleViewViewModel.swift in Sources */ = {isa = PBXBuildFile; fileRef = 77E7339F1BC84FD10064CA3B /* ArticleViewViewModel.swift */; settings = {ASSET_TAGS = (); }; };
/* End PBXBuildFile section */

/* Begin PBXFileReference section */
		77E733881BC84B420064CA3B /* MVVMTest.app */ = {isa = PBXFileReference; explicitFileType = wrapper.application; includeInIndex = 0; path = MVVMTest.app; sourceTree = BUILT_PRODUCTS_DIR; };
		77E7338B1BC84B420064CA3B /* AppDelegate.swift */ = {isa = PBXFileReference; lastKnownFileType = sourcecode.swift; path = AppDelegate.swift; sourceTree = "<group>"; };
		77E7338D1BC84B420064CA3B /* ViewController.swift */ = {isa = PBXFileReference; lastKnownFileType = sourcecode.swift; path = ViewController.swift; sourceTree = "<group>"; };
		77E733901BC84B420064CA3B /* Base */ = {isa = PBXFileReference; lastKnownFileType = file.storyboard; name = Base; path = Base.lproj/Main.storyboard; sourceTree = "<group>"; };
		77E733921BC84B420064CA3B /* Assets.xcassets */ = {isa = PBXFileReference; lastKnownFileType = folder.assetcatalog; path = Assets.xcassets; sourceTree = "<group>"; };
		77E733951BC84B420064CA3B /* Base */ = {isa = PBXFileReference; lastKnownFileType = file.storyboard; name = Base; path = Base.lproj/LaunchScreen.storyboard; sourceTree = "<group>"; };
		77E733971BC84B420064CA3B /* Info.plist */ = {isa = PBXFileReference; lastKnownFileType = text.plist.xml; path = Info.plist; sourceTree = "<group>"; };
		77E7339D1BC84D090064CA3B /* Article.swift */ = {isa = PBXFileReference; fileEncoding = 4; lastKnownFileType = sourcecode.swift; path = Article.swift; sourceTree = "<group>"; };
		77E7339F1BC84FD10064CA3B /* ArticleViewViewModel.swift */ = {isa = PBXFileReference; fileEncoding = 4; lastKnownFileType = sourcecode.swift; path = ArticleViewViewModel.swift; sourceTree = "<group>"; };
/* End PBXFileReference section */

/* Begin PBXFrameworksBuildPhase section */
		77E733851BC84B420064CA3B /* Frameworks */ = {
			isa = PBXFrameworksBuildPhase;
			buildActionMask = 2147483647;
			files = (
			);
			runOnlyForDeploymentPostprocessing = 0;
		};
/* End PBXFrameworksBuildPhase section */

/* Begin PBXGroup section */
		77E7337F1BC84B420064CA3B = {
			isa = PBXGroup;
			children = (
				77E7338A1BC84B420064CA3B /* MVVMTest */,
				77E733891BC84B420064CA3B /* Products */,
			);
			sourceTree = "<group>";
		};
		77E733891BC84B420064CA3B /* Products */ = {
			isa = PBXGroup;
			children = (
				77E733881BC84B420064CA3B /* MVVMTest.app */,
			);
			name = Products;
			sourceTree = "<group>";
		};
		77E7338A1BC84B420064CA3B /* MVVMTest */ = {
			isa = PBXGroup;
			children = (
				77E7338B1BC84B420064CA3B /* AppDelegate.swift */,
				77E7338D1BC84B420064CA3B /* ViewController.swift */,
				77E7338F1BC84B420064CA3B /* Main.storyboard */,
				77E733921BC84B420064CA3B /* Assets.xcassets */,
				77E733941BC84B420064CA3B /* LaunchScreen.storyboard */,
				77E733971BC84B420064CA3B /* Info.plist */,
				77E7339D1BC84D090064CA3B /* Article.swift */,
				77E7339F1BC84FD10064CA3B /* ArticleViewViewModel.swift */,
			);
			path = MVVMTest;
			sourceTree = "<group>";
		};
/* End PBXGroup section */

/* Begin PBXNativeTarget section */
		77E733871BC84B420064CA3B /* MVVMTest */ = {
			isa = PBXNativeTarget;
			buildConfigurationList = 77E7339A1BC84B420064CA3B /* Build configuration list for PBXNativeTarget "MVVMTest" */;
			buildPhases = (
				77E733841BC84B420064CA3B /* Sources */,
				77E733851BC84B420064CA3B /* Frameworks */,
				77E733861BC84B420064CA3B /* Resources */,
			);
			buildRules = (
			);
			dependencies = (
			);
			name = MVVMTest;
			productName = MVVMTest;
			productReference = 77E733881BC84B420064CA3B /* MVVMTest.app */;
			productType = "com.apple.product-type.application";
		};
/* End PBXNativeTarget section */

/* Begin PBXProject section */
		77E733801BC84B420064CA3B /* Project object */ = {
			isa = PBXProject;
			attributes = {
				LastUpgradeCheck = 0700;
				ORGANIZATIONNAME = "Liu Cheng";
				TargetAttributes = {
					77E733871BC84B420064CA3B = {
						CreatedOnToolsVersion = 7.0.1;
					};
				};
			};
			buildConfigurationList = 77E733831BC84B420064CA3B /* Build configuration list for PBXProject "MVVMTest" */;
			compatibilityVersion = "Xcode 3.2";
			developmentRegion = English;
			hasScannedForEncodings = 0;
			knownRegions = (
				en,
				Base,
			);
			mainGroup = 77E7337F1BC84B420064CA3B;
			productRefGroup = 77E733891BC84B420064CA3B /* Products */;
			projectDirPath = "";
			projectRoot = "";
			targets = (
				77E733871BC84B420064CA3B /* MVVMTest */,
			);
		};
/* End PBXProject section */

/* Begin PBXResourcesBuildPhase section */
		77E733861BC84B420064CA3B /* Resources */ = {
			isa = PBXResourcesBuildPhase;
			buildActionMask = 2147483647;
			files = (
				77E733961BC84B420064CA3B /* LaunchScreen.storyboard in Resources */,
				77E733931BC84B420064CA3B /* Assets.xcassets in Resources */,
				77E733911BC84B420064CA3B /* Main.storyboard in Resources */,
			);
			runOnlyForDeploymentPostprocessing = 0;
		};
/* End PBXResourcesBuildPhase section */

/* Begin PBXSourcesBuildPhase section */
		77E733841BC84B420064CA3B /* Sources */ = {
			isa = PBXSourcesBuildPhase;
			buildActionMask = 2147483647;
			files = (
				77E733A01BC84FD10064CA3B /* ArticleViewViewModel.swift in Sources */,
				77E7338E1BC84B420064CA3B /* ViewController.swift in Sources */,
				77E7338C1BC84B420064CA3B /* AppDelegate.swift in Sources */,
				77E7339E1BC84D090064CA3B /* Article.swift in Sources */,
			);
			runOnlyForDeploymentPostprocessing = 0;
		};
/* End PBXSourcesBuildPhase section */

/* Begin PBXVariantGroup section */
		77E7338F1BC84B420064CA3B /* Main.storyboard */ = {
			isa = PBXVariantGroup;
			children = (
				77E733901BC84B420064CA3B /* Base */,
			);
			name = Main.storyboard;
			sourceTree = "<group>";
		};
		77E733941BC84B420064CA3B /* LaunchScreen.storyboard */ = {
			isa = PBXVariantGroup;
			children = (
				77E733951BC84B420064CA3B /* Base */,
			);
			name = LaunchScreen.storyboard;
			sourceTree = "<group>";
		};
/* End PBXVariantGroup section */

/* Begin XCBuildConfiguration section */
		77E733981BC84B420064CA3B /* Debug */ = {
			isa = XCBuildConfiguration;
			buildSettings = {
				ALWAYS_SEARCH_USER_PATHS = NO;
				CLANG_CXX_LANGUAGE_STANDARD = "gnu++0x";
				CLANG_CXX_LIBRARY = "libc++";
				CLANG_ENABLE_MODULES = YES;
				CLANG_ENABLE_OBJC_ARC = YES;
				CLANG_WARN_BOOL_CONVERSION = YES;
				CLANG_WARN_CONSTANT_CONVERSION = YES;
				CLANG_WARN_DIRECT_OBJC_ISA_USAGE = YES_ERROR;
				CLANG_WARN_EMPTY_BODY = YES;
				CLANG_WARN_ENUM_CONVERSION = YES;
				CLANG_WARN_INT_CONVERSION = YES;
				CLANG_WARN_OBJC_ROOT_CLASS = YES_ERROR;
				CLANG_WARN_UNREACHABLE_CODE = YES;
				CLANG_WARN__DUPLICATE_METHOD_MATCH = YES;
				"CODE_SIGN_IDENTITY[sdk=iphoneos*]" = "iPhone Developer";
				COPY_PHASE_STRIP = NO;
				DEBUG_INFORMATION_FORMAT = dwarf;
				ENABLE_STRICT_OBJC_MSGSEND = YES;
				ENABLE_TESTABILITY = YES;
				GCC_C_LANGUAGE_STANDARD = gnu99;
				GCC_DYNAMIC_NO_PIC = NO;
				GCC_NO_COMMON_BLOCKS = YES;
				GCC_OPTIMIZATION_LEVEL = 0;
				GCC_PREPROCESSOR_DEFINITIONS = (
					"DEBUG=1",
					"$(inherited)",
				);
				GCC_WARN_64_TO_32_BIT_CONVERSION = YES;
				GCC_WARN_ABOUT_RETURN_TYPE = YES_ERROR;
				GCC_WARN_UNDECLARED_SELECTOR = YES;
				GCC_WARN_UNINITIALIZED_AUTOS = YES_AGGRESSIVE;
				GCC_WARN_UNUSED_FUNCTION = YES;
				GCC_WARN_UNUSED_VARIABLE = YES;
				IPHONEOS_DEPLOYMENT_TARGET = 9.0;
				MTL_ENABLE_DEBUG_INFO = YES;
				ONLY_ACTIVE_ARCH = YES;
				SDKROOT = iphoneos;
				SWIFT_OPTIMIZATION_LEVEL = "-Onone";
				TARGETED_DEVICE_FAMILY = "1,2";
			};
			name = Debug;
		};
		77E733991BC84B420064CA3B /* Release */ = {
			isa = XCBuildConfiguration;
			buildSettings = {
				ALWAYS_SEARCH_USER_PATHS = NO;
				CLANG_CXX_LANGUAGE_STANDARD = "gnu++0x";
				CLANG_CXX_LIBRARY = "libc++";
				CLANG_ENABLE_MODULES = YES;
				CLANG_ENABLE_OBJC_ARC = YES;
				CLANG_WARN_BOOL_CONVERSION = YES;
				CLANG_WARN_CONSTANT_CONVERSION = YES;
				CLANG_WARN_DIRECT_OBJC_ISA_USAGE = YES_ERROR;
				CLANG_WARN_EMPTY_BODY = YES;
				CLANG_WARN_ENUM_CONVERSION = YES;
				CLANG_WARN_INT_CONVERSION = YES;
				CLANG_WARN_OBJC_ROOT_CLASS = YES_ERROR;
				CLANG_WARN_UNREACHABLE_CODE = YES;
				CLANG_WARN__DUPLICATE_METHOD_MATCH = YES;
				"CODE_SIGN_IDENTITY[sdk=iphoneos*]" = "iPhone Developer";
				COPY_PHASE_STRIP = NO;
				DEBUG_INFORMATION_FORMAT = "dwarf-with-dsym";
				ENABLE_NS_ASSERTIONS = NO;
				ENABLE_STRICT_OBJC_MSGSEND = YES;
				GCC_C_LANGUAGE_STANDARD = gnu99;
				GCC_NO_COMMON_BLOCKS = YES;
				GCC_WARN_64_TO_32_BIT_CONVERSION = YES;
				GCC_WARN_ABOUT_RETURN_TYPE = YES_ERROR;
				GCC_WARN_UNDECLARED_SELECTOR = YES;
				GCC_WARN_UNINITIALIZED_AUTOS = YES_AGGRESSIVE;
				GCC_WARN_UNUSED_FUNCTION = YES;
				GCC_WARN_UNUSED_VARIABLE = YES;
				IPHONEOS_DEPLOYMENT_TARGET = 9.0;
				MTL_ENABLE_DEBUG_INFO = NO;
				SDKROOT = iphoneos;
				TARGETED_DEVICE_FAMILY = "1,2";
				VALIDATE_PRODUCT = YES;
			};
			name = Release;
		};
		77E7339B1BC84B420064CA3B /* Debug */ = {
			isa = XCBuildConfiguration;
			buildSettings = {
				ASSETCATALOG_COMPILER_APPICON_NAME = AppIcon;
				INFOPLIST_FILE = MVVMTest/Info.plist;
				LD_RUNPATH_SEARCH_PATHS = "$(inherited) @executable_path/Frameworks";
				PRODUCT_BUNDLE_IDENTIFIER = me.willowcheng.MVVMTest;
				PRODUCT_NAME = "$(TARGET_NAME)";
			};
			name = Debug;
		};
		77E7339C1BC84B420064CA3B /* Release */ = {
			isa = XCBuildConfiguration;
			buildSettings = {
				ASSETCATALOG_COMPILER_APPICON_NAME = AppIcon;
				INFOPLIST_FILE = MVVMTest/Info.plist;
				LD_RUNPATH_SEARCH_PATHS = "$(inherited) @executable_path/Frameworks";
				PRODUCT_BUNDLE_IDENTIFIER = me.willowcheng.MVVMTest;
				PRODUCT_NAME = "$(TARGET_NAME)";
			};
			name = Release;
		};
/* End XCBuildConfiguration section */

/* Begin XCConfigurationList section */
		77E733831BC84B420064CA3B /* Build configuration list for PBXProject "MVVMTest" */ = {
			isa = XCConfigurationList;
			buildConfigurations = (
				77E733981BC84B420064CA3B /* Debug */,
				77E733991BC84B420064CA3B /* Release */,
			);
			defaultConfigurationIsVisible = 0;
			defaultConfigurationName = Release;
		};
		77E7339A1BC84B420064CA3B /* Build configuration list for PBXNativeTarget "MVVMTest" */ = {
			isa = XCConfigurationList;
			buildConfigurations = (
				77E7339B1BC84B420064CA3B /* Debug */,
				77E7339C1BC84B420064CA3B /* Release */,
			);
			defaultConfigurationIsVisible = 0;
		};
/* End XCConfigurationList section */
	};
	rootObject = 77E733801BC84B420064CA3B /* Project object */;
}
